
Microsoft Visual Studio Solution File, Format Version 12.00
# Visual Studio Version 16
VisualStudioVersion = 16.0.31229.75
MinimumVisualStudioVersion = 10.0.40219.1
Project("{888888A0-9F3D-457C-B088-3A5042F75D52}") = "Partition", "Partition\Partition.pyproj", "{33967FD7-C748-4092-B1AD-08DB00F8E414}"
EndProject
Global
	GlobalSection(SolutionConfigurationPlatforms) = preSolution
		Debug|Any CPU = Debug|Any CPU
		Release|Any CPU = Release|Any CPU
	EndGlobalSection
	GlobalSection(ProjectConfigurationPlatforms) = postSolution
		{33967FD7-C748-4092-B1AD-08DB00F8E414}.Debug|Any CPU.ActiveCfg = Debug|Any CPU
		{33967FD7-C748-4092-B1AD-08DB00F8E414}.Release|Any CPU.ActiveCfg = Release|Any CPU
	EndGlobalSection
	GlobalSection(SolutionProperties) = preSolution
		HideSolutionNode = FALSE
	EndGlobalSection
	GlobalSection(ExtensibilityGlobals) = postSolution
		SolutionGuid = {AAD0DA9C-4682-43D2-8013-964D043CC05B}
	EndGlobalSection
EndGlobal
